
Microsoft Visual Studio Solution File, Format Version 12.00
# Visual Studio Version 17
VisualStudioVersion = 17.0.31919.166
MinimumVisualStudioVersion = 10.0.40219.1
Project("{2150E333-8FDC-42A3-9474-1A3956D46DE8}") = "Modul001", "Modul001", "{4FA84266-8456-45A0-B428-1D343BF7A8E2}"
EndProject
Project("{FAE04EC0-301F-11D3-BF4B-00C04F79EFBC}") = "MyFirstConsolenApp", "MyFirstConsolenApp\MyFirstConsolenApp.csproj", "{7C58D26A-5E86-4F23-BAFA-90A73B4C5260}"
EndProject
Project("{2150E333-8FDC-42A3-9474-1A3956D46DE8}") = "Modul002", "Modul002", "{88A75BD2-D9F9-4010-8B93-6D2BE4C253F9}"
EndProject
Project("{FAE04EC0-301F-11D3-BF4B-00C04F79EFBC}") = "VariablesDatatypesSample", "VariablesDatatypesSample\VariablesDatatypesSample.csproj", "{E9D72E0E-FCC7-4874-86DB-C75670E03293}"
EndProject
Global
	GlobalSection(SolutionConfigurationPlatforms) = preSolution
		Debug|Any CPU = Debug|Any CPU
		Release|Any CPU = Release|Any CPU
	EndGlobalSection
	GlobalSection(ProjectConfigurationPlatforms) = postSolution
		{7C58D26A-5E86-4F23-BAFA-90A73B4C5260}.Debug|Any CPU.ActiveCfg = Debug|Any CPU
		{7C58D26A-5E86-4F23-BAFA-90A73B4C5260}.Debug|Any CPU.Build.0 = Debug|Any CPU
		{7C58D26A-5E86-4F23-BAFA-90A73B4C5260}.Release|Any CPU.ActiveCfg = Release|Any CPU
		{7C58D26A-5E86-4F23-BAFA-90A73B4C5260}.Release|Any CPU.Build.0 = Release|Any CPU
		{E9D72E0E-FCC7-4874-86DB-C75670E03293}.Debug|Any CPU.ActiveCfg = Debug|Any CPU
		{E9D72E0E-FCC7-4874-86DB-C75670E03293}.Debug|Any CPU.Build.0 = Debug|Any CPU
		{E9D72E0E-FCC7-4874-86DB-C75670E03293}.Release|Any CPU.ActiveCfg = Release|Any CPU
		{E9D72E0E-FCC7-4874-86DB-C75670E03293}.Release|Any CPU.Build.0 = Release|Any CPU
	EndGlobalSection
	GlobalSection(SolutionProperties) = preSolution
		HideSolutionNode = FALSE
	EndGlobalSection
	GlobalSection(NestedProjects) = preSolution
		{7C58D26A-5E86-4F23-BAFA-90A73B4C5260} = {4FA84266-8456-45A0-B428-1D343BF7A8E2}
		{E9D72E0E-FCC7-4874-86DB-C75670E03293} = {88A75BD2-D9F9-4010-8B93-6D2BE4C253F9}
	EndGlobalSection
	GlobalSection(ExtensibilityGlobals) = postSolution
		SolutionGuid = {2296135B-314B-4CDB-BA96-A1859A8C1790}
	EndGlobalSection
EndGlobal
