
Microsoft Visual Studio Solution File, Format Version 12.00
# Visual Studio Version 17
VisualStudioVersion = 17.0.31919.166
MinimumVisualStudioVersion = 10.0.40219.1
Project("{2150E333-8FDC-42A3-9474-1A3956D46DE8}") = "Modul001", "Modul001", "{4FA84266-8456-45A0-B428-1D343BF7A8E2}"
EndProject
Project("{9A19103F-16F7-4668-BE54-9A1E7A4F7556}") = "MyFirstConsolenApp", "MyFirstConsolenApp\MyFirstConsolenApp.csproj", "{7C58D26A-5E86-4F23-BAFA-90A73B4C5260}"
EndProject
Project("{2150E333-8FDC-42A3-9474-1A3956D46DE8}") = "Modul002 Datentypen", "Modul002 Datentypen", "{88A75BD2-D9F9-4010-8B93-6D2BE4C253F9}"
EndProject
Project("{9A19103F-16F7-4668-BE54-9A1E7A4F7556}") = "VariablesDatatypesSample", "VariablesDatatypesSample\VariablesDatatypesSample.csproj", "{E9D72E0E-FCC7-4874-86DB-C75670E03293}"
EndProject
Project("{9A19103F-16F7-4668-BE54-9A1E7A4F7556}") = "Modul002_LAB", "Modul002_LAB\Modul002_LAB.csproj", "{9CEDB340-EFBE-4B72-90B5-C5C3B5099010}"
EndProject
Project("{2150E333-8FDC-42A3-9474-1A3956D46DE8}") = "Modul003_Arrays and Conditions", "Modul003_Arrays and Conditions", "{8F5F7414-ECCE-4C87-A4CC-7DE73844606D}"
EndProject
Project("{9A19103F-16F7-4668-BE54-9A1E7A4F7556}") = "Modul003_Arrays", "Modul003_Arrays_IfStatement\Modul003_Arrays.csproj", "{375F52BA-F88F-4BEA-8176-286B142ECB56}"
EndProject
Project("{2150E333-8FDC-42A3-9474-1A3956D46DE8}") = "Modul004_Schleifen und Enums", "Modul004_Schleifen und Enums", "{B5EBDA45-680D-472C-933C-610F11470D8C}"
EndProject
Project("{9A19103F-16F7-4668-BE54-9A1E7A4F7556}") = "EnumsAndLoopsSamples", "EnumsAndLoopsSamples\EnumsAndLoopsSamples.csproj", "{AB797E47-EC16-49E6-9602-39B44E09B194}"
EndProject
Project("{2150E333-8FDC-42A3-9474-1A3956D46DE8}") = "Modul005_Funktionen", "Modul005_Funktionen", "{9B72BCC2-49F0-4947-9B95-FB4BC9CDB840}"
EndProject
Project("{9A19103F-16F7-4668-BE54-9A1E7A4F7556}") = "FunctionSamples", "FunctionSamples\FunctionSamples.csproj", "{2C85236D-B426-45DB-8A81-C3721349E38A}"
EndProject
Project("{2150E333-8FDC-42A3-9474-1A3956D46DE8}") = "Modul006_NamespacesClassFieldsProperties", "Modul006_NamespacesClassFieldsProperties", "{4B8ACE83-35EF-4DA4-852E-CBE091BD1187}"
EndProject
Project("{9A19103F-16F7-4668-BE54-9A1E7A4F7556}") = "001_NamespaceSample", "NamespaceSample\001_NamespaceSample.csproj", "{81CC6EA0-3E2C-4581-BB86-BA4E0F835A03}"
EndProject
Project("{9A19103F-16F7-4668-BE54-9A1E7A4F7556}") = "002_TheClassSample", "TheClassSample\002_TheClassSample.csproj", "{75954599-EC89-4A4C-8D1E-6A6201171E18}"
EndProject
Project("{2150E333-8FDC-42A3-9474-1A3956D46DE8}") = "Solution Items", "Solution Items", "{48BD225A-2C4C-4D8C-82AF-41D6DD12F1CC}"
	ProjectSection(SolutionItems) = preProject
		..\Agenda.md = ..\Agenda.md
	EndProjectSection
EndProject
Project("{2150E333-8FDC-42A3-9474-1A3956D46DE8}") = "Modul007_Static_Referenz und Wertetypen", "Modul007_Static_Referenz und Wertetypen", "{49D564CA-4B42-4A16-9C47-A543FDC8F039}"
EndProject
Project("{9A19103F-16F7-4668-BE54-9A1E7A4F7556}") = "PartialClass", "PartialClass\PartialClass.csproj", "{18AB76C0-78FD-4F4C-8059-7F4FFDBF35C3}"
EndProject
Project("{9A19103F-16F7-4668-BE54-9A1E7A4F7556}") = "Modul007_statische Variablen und Methoden", "Modul007_Samples\Modul007_statische Variablen und Methoden.csproj", "{6F9A0392-61F2-4B34-88FE-611241735A2B}"
EndProject
Project("{9A19103F-16F7-4668-BE54-9A1E7A4F7556}") = "Modul007_StructVsClass", "Modul007_StructVsClass\Modul007_StructVsClass.csproj", "{D94B3D6C-F5CA-4174-ABC7-F0AF42B9B616}"
EndProject
Project("{2150E333-8FDC-42A3-9474-1A3956D46DE8}") = "Modul008_Vererbung Zugriffsmodifizierer", "Modul008_Vererbung Zugriffsmodifizierer", "{3C253E1E-8EC9-4B58-BB01-13C3AEFB39D8}"
EndProject
Project("{9A19103F-16F7-4668-BE54-9A1E7A4F7556}") = "Modul008_Vererbung", "Modul008_Vererbung\Modul008_Vererbung.csproj", "{7EE530D7-771D-4006-99E8-E0FD7AB4288D}"
EndProject
Project("{9A19103F-16F7-4668-BE54-9A1E7A4F7556}") = "Modul008_Virtual", "Modul008_Virtual\Modul008_Virtual.csproj", "{21889828-40BB-4AAE-B0BB-8C71A9C99DEA}"
EndProject
Project("{9A19103F-16F7-4668-BE54-9A1E7A4F7556}") = "Modul008_VirtualWithProperties", "Modul008_VirtualWithProperties\Modul008_VirtualWithProperties.csproj", "{94EC57D6-E1DC-41C7-84B6-677BFCBE0A86}"
EndProject
Project("{9A19103F-16F7-4668-BE54-9A1E7A4F7556}") = "Modul009_Polymorphie_abstract", "Modul009_Polymorphie_abstract\Modul009_Polymorphie_abstract.csproj", "{62486E80-8093-4CB8-BD8E-6BB18DDE0FEF}"
EndProject
Project("{2150E333-8FDC-42A3-9474-1A3956D46DE8}") = "Kurzwiederholung Tag 3 OOP", "Kurzwiederholung Tag 3 OOP", "{0D161911-E810-4358-8809-C04208E0075C}"
EndProject
Project("{9A19103F-16F7-4668-BE54-9A1E7A4F7556}") = "Modul009_Virtual", "Modul009_Virtual\Modul009_Virtual.csproj", "{CFEE7964-8CBD-4A45-85B2-239FD52C556D}"
EndProject
Project("{9A19103F-16F7-4668-BE54-9A1E7A4F7556}") = "Modul009_abstract", "Modul009_abstract\Modul009_abstract.csproj", "{D359E09E-A447-4F9D-9340-2DFE518CAF9F}"
EndProject
Project("{9A19103F-16F7-4668-BE54-9A1E7A4F7556}") = "Modul010_Interfaces", "Modul010_Interfaces\Modul010_Interfaces.csproj", "{71B573B5-5C7B-4C2F-9B30-BD347E8838D1}"
EndProject
Project("{2150E333-8FDC-42A3-9474-1A3956D46DE8}") = "SOLID", "SOLID", "{B85E5AE2-8DA7-454B-82C0-2BD8B26C7DFF}"
EndProject
Project("{2150E333-8FDC-42A3-9474-1A3956D46DE8}") = "LABS", "LABS", "{241E62E8-038A-483C-A54D-2F4EA9A0C575}"
EndProject
Project("{9A19103F-16F7-4668-BE54-9A1E7A4F7556}") = "Übung_Solid1", "Übung_Solid1\Übung_Solid1.csproj", "{407CDA87-227C-4FB1-901F-BA752C6729BE}"
EndProject
Project("{9A19103F-16F7-4668-BE54-9A1E7A4F7556}") = "Übung_Solid2", "Übung_Solid2\Übung_Solid2.csproj", "{CE41FE5E-3C55-418E-9AD8-0CB379EBFF65}"
EndProject
Project("{9A19103F-16F7-4668-BE54-9A1E7A4F7556}") = "SOLID_001_SingleResponsibilityPrincip", "SOLID_001_SingleResponsibilityPrincip\SOLID_001_SingleResponsibilityPrincip.csproj", "{E18901C3-08DB-4480-8162-5FEF6107A61F}"
EndProject
Project("{9A19103F-16F7-4668-BE54-9A1E7A4F7556}") = "SOLID_002_OpenClosePrincip", "SOLID_002_OpenClosePrincip\SOLID_002_OpenClosePrincip.csproj", "{838F420E-30B3-4C77-A66B-1E6559612D9A}"
EndProject
Project("{9A19103F-16F7-4668-BE54-9A1E7A4F7556}") = "SOLID_003_LizkovischesPrincipe", "SOLID_003_LizkovischesPrincipe\SOLID_003_LizkovischesPrincipe.csproj", "{FBDA3CA9-D2DF-493A-B392-917D1C7327E3}"
EndProject
Project("{9A19103F-16F7-4668-BE54-9A1E7A4F7556}") = "SOLID_004_DependencyInversion", "SOLID_004_DependencyInversion\SOLID_004_DependencyInversion.csproj", "{33307236-46B1-41C6-A2B1-BE8A2BC12CCF}"
EndProject
Project("{9A19103F-16F7-4668-BE54-9A1E7A4F7556}") = "SOLID_005_InterfaceSegregationPrincip", "SOLID_005_InterfaceSegregationPrincip\SOLID_005_InterfaceSegregationPrincip.csproj", "{031521FD-FB6B-40ED-8838-6B2E7531964C}"
EndProject
Project("{2150E333-8FDC-42A3-9474-1A3956D46DE8}") = "Modul011_GenerischeListen", "Modul011_GenerischeListen", "{6CC340D4-8230-4793-89ED-A623ABB56696}"
EndProject
Project("{9A19103F-16F7-4668-BE54-9A1E7A4F7556}") = "GenerischeListen", "GenerischeListen\GenerischeListen.csproj", "{DE009A0F-12E5-406A-B90B-EB79029958B1}"
EndProject
Project("{2150E333-8FDC-42A3-9474-1A3956D46DE8}") = "Wiederholung Tag 3", "Wiederholung Tag 3", "{411D3B93-70DD-44AE-8B1A-64FEC1458FFA}"
EndProject
Project("{FAE04EC0-301F-11D3-BF4B-00C04F79EFBC}") = "InterfacesInNETCore", "InterfacesInNETCore\InterfacesInNETCore.csproj", "{D7D01CC7-2782-46D9-81A0-1C7B15359B98}"
EndProject
Project("{2150E333-8FDC-42A3-9474-1A3956D46DE8}") = "DependencyInjection", "DependencyInjection", "{69054591-4F7F-4CAE-9920-292E4C558CE8}"
EndProject
Project("{FAE04EC0-301F-11D3-BF4B-00C04F79EFBC}") = "DependencyInversionAndIOC", "DependencyInversionAndIOC\DependencyInversionAndIOC.csproj", "{2B833777-DF7B-46B6-AF7A-310E2125B1D8}"
EndProject
Project("{2150E333-8FDC-42A3-9474-1A3956D46DE8}") = "Modul012_Fehlerbehandlung", "Modul012_Fehlerbehandlung", "{4BD55762-B829-4A14-8D1A-F14959386D84}"
EndProject
Project("{FAE04EC0-301F-11D3-BF4B-00C04F79EFBC}") = "ExceptionHandlingSample", "ExceptionHandlingSample\ExceptionHandlingSample.csproj", "{F7E2C9B2-D622-4C34-8D49-0DB6C2B0B518}"
EndProject
Project("{2150E333-8FDC-42A3-9474-1A3956D46DE8}") = "UnitTests", "UnitTests", "{D981F43F-0535-4890-B485-ECB530219B1E}"
EndProject
Project("{FAE04EC0-301F-11D3-BF4B-00C04F79EFBC}") = "Calculator.Lib", "CalculatorLib\Calculator.Lib.csproj", "{66AF13AC-E139-4870-A7B8-BC8EEDB5D048}"
EndProject
Project("{FAE04EC0-301F-11D3-BF4B-00C04F79EFBC}") = "Calculator.App", "Calculator.App\Calculator.App.csproj", "{97870AC0-0A7C-4CE2-B6AE-8CDCF7FD93C1}"
EndProject
Project("{FAE04EC0-301F-11D3-BF4B-00C04F79EFBC}") = "Calculator.Test", "Calculator.Test\Calculator.Test.csproj", "{35CB4678-E502-4654-A928-301077F16AFB}"
EndProject
Global
	GlobalSection(SolutionConfigurationPlatforms) = preSolution
		Debug|Any CPU = Debug|Any CPU
		Release|Any CPU = Release|Any CPU
	EndGlobalSection
	GlobalSection(ProjectConfigurationPlatforms) = postSolution
		{7C58D26A-5E86-4F23-BAFA-90A73B4C5260}.Debug|Any CPU.ActiveCfg = Debug|Any CPU
		{7C58D26A-5E86-4F23-BAFA-90A73B4C5260}.Debug|Any CPU.Build.0 = Debug|Any CPU
		{7C58D26A-5E86-4F23-BAFA-90A73B4C5260}.Release|Any CPU.ActiveCfg = Release|Any CPU
		{7C58D26A-5E86-4F23-BAFA-90A73B4C5260}.Release|Any CPU.Build.0 = Release|Any CPU
		{E9D72E0E-FCC7-4874-86DB-C75670E03293}.Debug|Any CPU.ActiveCfg = Debug|Any CPU
		{E9D72E0E-FCC7-4874-86DB-C75670E03293}.Debug|Any CPU.Build.0 = Debug|Any CPU
		{E9D72E0E-FCC7-4874-86DB-C75670E03293}.Release|Any CPU.ActiveCfg = Release|Any CPU
		{E9D72E0E-FCC7-4874-86DB-C75670E03293}.Release|Any CPU.Build.0 = Release|Any CPU
		{9CEDB340-EFBE-4B72-90B5-C5C3B5099010}.Debug|Any CPU.ActiveCfg = Debug|Any CPU
		{9CEDB340-EFBE-4B72-90B5-C5C3B5099010}.Debug|Any CPU.Build.0 = Debug|Any CPU
		{9CEDB340-EFBE-4B72-90B5-C5C3B5099010}.Release|Any CPU.ActiveCfg = Release|Any CPU
		{9CEDB340-EFBE-4B72-90B5-C5C3B5099010}.Release|Any CPU.Build.0 = Release|Any CPU
		{375F52BA-F88F-4BEA-8176-286B142ECB56}.Debug|Any CPU.ActiveCfg = Debug|Any CPU
		{375F52BA-F88F-4BEA-8176-286B142ECB56}.Debug|Any CPU.Build.0 = Debug|Any CPU
		{375F52BA-F88F-4BEA-8176-286B142ECB56}.Release|Any CPU.ActiveCfg = Release|Any CPU
		{375F52BA-F88F-4BEA-8176-286B142ECB56}.Release|Any CPU.Build.0 = Release|Any CPU
		{AB797E47-EC16-49E6-9602-39B44E09B194}.Debug|Any CPU.ActiveCfg = Debug|Any CPU
		{AB797E47-EC16-49E6-9602-39B44E09B194}.Debug|Any CPU.Build.0 = Debug|Any CPU
		{AB797E47-EC16-49E6-9602-39B44E09B194}.Release|Any CPU.ActiveCfg = Release|Any CPU
		{AB797E47-EC16-49E6-9602-39B44E09B194}.Release|Any CPU.Build.0 = Release|Any CPU
		{2C85236D-B426-45DB-8A81-C3721349E38A}.Debug|Any CPU.ActiveCfg = Debug|Any CPU
		{2C85236D-B426-45DB-8A81-C3721349E38A}.Debug|Any CPU.Build.0 = Debug|Any CPU
		{2C85236D-B426-45DB-8A81-C3721349E38A}.Release|Any CPU.ActiveCfg = Release|Any CPU
		{2C85236D-B426-45DB-8A81-C3721349E38A}.Release|Any CPU.Build.0 = Release|Any CPU
		{81CC6EA0-3E2C-4581-BB86-BA4E0F835A03}.Debug|Any CPU.ActiveCfg = Debug|Any CPU
		{81CC6EA0-3E2C-4581-BB86-BA4E0F835A03}.Debug|Any CPU.Build.0 = Debug|Any CPU
		{81CC6EA0-3E2C-4581-BB86-BA4E0F835A03}.Release|Any CPU.ActiveCfg = Release|Any CPU
		{81CC6EA0-3E2C-4581-BB86-BA4E0F835A03}.Release|Any CPU.Build.0 = Release|Any CPU
		{75954599-EC89-4A4C-8D1E-6A6201171E18}.Debug|Any CPU.ActiveCfg = Debug|Any CPU
		{75954599-EC89-4A4C-8D1E-6A6201171E18}.Debug|Any CPU.Build.0 = Debug|Any CPU
		{75954599-EC89-4A4C-8D1E-6A6201171E18}.Release|Any CPU.ActiveCfg = Release|Any CPU
		{75954599-EC89-4A4C-8D1E-6A6201171E18}.Release|Any CPU.Build.0 = Release|Any CPU
		{18AB76C0-78FD-4F4C-8059-7F4FFDBF35C3}.Debug|Any CPU.ActiveCfg = Debug|Any CPU
		{18AB76C0-78FD-4F4C-8059-7F4FFDBF35C3}.Debug|Any CPU.Build.0 = Debug|Any CPU
		{18AB76C0-78FD-4F4C-8059-7F4FFDBF35C3}.Release|Any CPU.ActiveCfg = Release|Any CPU
		{18AB76C0-78FD-4F4C-8059-7F4FFDBF35C3}.Release|Any CPU.Build.0 = Release|Any CPU
		{6F9A0392-61F2-4B34-88FE-611241735A2B}.Debug|Any CPU.ActiveCfg = Debug|Any CPU
		{6F9A0392-61F2-4B34-88FE-611241735A2B}.Debug|Any CPU.Build.0 = Debug|Any CPU
		{6F9A0392-61F2-4B34-88FE-611241735A2B}.Release|Any CPU.ActiveCfg = Release|Any CPU
		{6F9A0392-61F2-4B34-88FE-611241735A2B}.Release|Any CPU.Build.0 = Release|Any CPU
		{D94B3D6C-F5CA-4174-ABC7-F0AF42B9B616}.Debug|Any CPU.ActiveCfg = Debug|Any CPU
		{D94B3D6C-F5CA-4174-ABC7-F0AF42B9B616}.Debug|Any CPU.Build.0 = Debug|Any CPU
		{D94B3D6C-F5CA-4174-ABC7-F0AF42B9B616}.Release|Any CPU.ActiveCfg = Release|Any CPU
		{D94B3D6C-F5CA-4174-ABC7-F0AF42B9B616}.Release|Any CPU.Build.0 = Release|Any CPU
		{7EE530D7-771D-4006-99E8-E0FD7AB4288D}.Debug|Any CPU.ActiveCfg = Debug|Any CPU
		{7EE530D7-771D-4006-99E8-E0FD7AB4288D}.Debug|Any CPU.Build.0 = Debug|Any CPU
		{7EE530D7-771D-4006-99E8-E0FD7AB4288D}.Release|Any CPU.ActiveCfg = Release|Any CPU
		{7EE530D7-771D-4006-99E8-E0FD7AB4288D}.Release|Any CPU.Build.0 = Release|Any CPU
		{21889828-40BB-4AAE-B0BB-8C71A9C99DEA}.Debug|Any CPU.ActiveCfg = Debug|Any CPU
		{21889828-40BB-4AAE-B0BB-8C71A9C99DEA}.Debug|Any CPU.Build.0 = Debug|Any CPU
		{21889828-40BB-4AAE-B0BB-8C71A9C99DEA}.Release|Any CPU.ActiveCfg = Release|Any CPU
		{21889828-40BB-4AAE-B0BB-8C71A9C99DEA}.Release|Any CPU.Build.0 = Release|Any CPU
		{94EC57D6-E1DC-41C7-84B6-677BFCBE0A86}.Debug|Any CPU.ActiveCfg = Debug|Any CPU
		{94EC57D6-E1DC-41C7-84B6-677BFCBE0A86}.Debug|Any CPU.Build.0 = Debug|Any CPU
		{94EC57D6-E1DC-41C7-84B6-677BFCBE0A86}.Release|Any CPU.ActiveCfg = Release|Any CPU
		{94EC57D6-E1DC-41C7-84B6-677BFCBE0A86}.Release|Any CPU.Build.0 = Release|Any CPU
		{62486E80-8093-4CB8-BD8E-6BB18DDE0FEF}.Debug|Any CPU.ActiveCfg = Debug|Any CPU
		{62486E80-8093-4CB8-BD8E-6BB18DDE0FEF}.Debug|Any CPU.Build.0 = Debug|Any CPU
		{62486E80-8093-4CB8-BD8E-6BB18DDE0FEF}.Release|Any CPU.ActiveCfg = Release|Any CPU
		{62486E80-8093-4CB8-BD8E-6BB18DDE0FEF}.Release|Any CPU.Build.0 = Release|Any CPU
		{CFEE7964-8CBD-4A45-85B2-239FD52C556D}.Debug|Any CPU.ActiveCfg = Debug|Any CPU
		{CFEE7964-8CBD-4A45-85B2-239FD52C556D}.Debug|Any CPU.Build.0 = Debug|Any CPU
		{CFEE7964-8CBD-4A45-85B2-239FD52C556D}.Release|Any CPU.ActiveCfg = Release|Any CPU
		{CFEE7964-8CBD-4A45-85B2-239FD52C556D}.Release|Any CPU.Build.0 = Release|Any CPU
		{D359E09E-A447-4F9D-9340-2DFE518CAF9F}.Debug|Any CPU.ActiveCfg = Debug|Any CPU
		{D359E09E-A447-4F9D-9340-2DFE518CAF9F}.Debug|Any CPU.Build.0 = Debug|Any CPU
		{D359E09E-A447-4F9D-9340-2DFE518CAF9F}.Release|Any CPU.ActiveCfg = Release|Any CPU
		{D359E09E-A447-4F9D-9340-2DFE518CAF9F}.Release|Any CPU.Build.0 = Release|Any CPU
		{71B573B5-5C7B-4C2F-9B30-BD347E8838D1}.Debug|Any CPU.ActiveCfg = Debug|Any CPU
		{71B573B5-5C7B-4C2F-9B30-BD347E8838D1}.Debug|Any CPU.Build.0 = Debug|Any CPU
		{71B573B5-5C7B-4C2F-9B30-BD347E8838D1}.Release|Any CPU.ActiveCfg = Release|Any CPU
		{71B573B5-5C7B-4C2F-9B30-BD347E8838D1}.Release|Any CPU.Build.0 = Release|Any CPU
		{407CDA87-227C-4FB1-901F-BA752C6729BE}.Debug|Any CPU.ActiveCfg = Debug|Any CPU
		{407CDA87-227C-4FB1-901F-BA752C6729BE}.Debug|Any CPU.Build.0 = Debug|Any CPU
		{407CDA87-227C-4FB1-901F-BA752C6729BE}.Release|Any CPU.ActiveCfg = Release|Any CPU
		{407CDA87-227C-4FB1-901F-BA752C6729BE}.Release|Any CPU.Build.0 = Release|Any CPU
		{CE41FE5E-3C55-418E-9AD8-0CB379EBFF65}.Debug|Any CPU.ActiveCfg = Debug|Any CPU
		{CE41FE5E-3C55-418E-9AD8-0CB379EBFF65}.Debug|Any CPU.Build.0 = Debug|Any CPU
		{CE41FE5E-3C55-418E-9AD8-0CB379EBFF65}.Release|Any CPU.ActiveCfg = Release|Any CPU
		{CE41FE5E-3C55-418E-9AD8-0CB379EBFF65}.Release|Any CPU.Build.0 = Release|Any CPU
		{E18901C3-08DB-4480-8162-5FEF6107A61F}.Debug|Any CPU.ActiveCfg = Debug|Any CPU
		{E18901C3-08DB-4480-8162-5FEF6107A61F}.Debug|Any CPU.Build.0 = Debug|Any CPU
		{E18901C3-08DB-4480-8162-5FEF6107A61F}.Release|Any CPU.ActiveCfg = Release|Any CPU
		{E18901C3-08DB-4480-8162-5FEF6107A61F}.Release|Any CPU.Build.0 = Release|Any CPU
		{838F420E-30B3-4C77-A66B-1E6559612D9A}.Debug|Any CPU.ActiveCfg = Debug|Any CPU
		{838F420E-30B3-4C77-A66B-1E6559612D9A}.Debug|Any CPU.Build.0 = Debug|Any CPU
		{838F420E-30B3-4C77-A66B-1E6559612D9A}.Release|Any CPU.ActiveCfg = Release|Any CPU
		{838F420E-30B3-4C77-A66B-1E6559612D9A}.Release|Any CPU.Build.0 = Release|Any CPU
		{FBDA3CA9-D2DF-493A-B392-917D1C7327E3}.Debug|Any CPU.ActiveCfg = Debug|Any CPU
		{FBDA3CA9-D2DF-493A-B392-917D1C7327E3}.Debug|Any CPU.Build.0 = Debug|Any CPU
		{FBDA3CA9-D2DF-493A-B392-917D1C7327E3}.Release|Any CPU.ActiveCfg = Release|Any CPU
		{FBDA3CA9-D2DF-493A-B392-917D1C7327E3}.Release|Any CPU.Build.0 = Release|Any CPU
		{33307236-46B1-41C6-A2B1-BE8A2BC12CCF}.Debug|Any CPU.ActiveCfg = Debug|Any CPU
		{33307236-46B1-41C6-A2B1-BE8A2BC12CCF}.Debug|Any CPU.Build.0 = Debug|Any CPU
		{33307236-46B1-41C6-A2B1-BE8A2BC12CCF}.Release|Any CPU.ActiveCfg = Release|Any CPU
		{33307236-46B1-41C6-A2B1-BE8A2BC12CCF}.Release|Any CPU.Build.0 = Release|Any CPU
		{031521FD-FB6B-40ED-8838-6B2E7531964C}.Debug|Any CPU.ActiveCfg = Debug|Any CPU
		{031521FD-FB6B-40ED-8838-6B2E7531964C}.Debug|Any CPU.Build.0 = Debug|Any CPU
		{031521FD-FB6B-40ED-8838-6B2E7531964C}.Release|Any CPU.ActiveCfg = Release|Any CPU
		{031521FD-FB6B-40ED-8838-6B2E7531964C}.Release|Any CPU.Build.0 = Release|Any CPU
		{DE009A0F-12E5-406A-B90B-EB79029958B1}.Debug|Any CPU.ActiveCfg = Debug|Any CPU
		{DE009A0F-12E5-406A-B90B-EB79029958B1}.Debug|Any CPU.Build.0 = Debug|Any CPU
		{DE009A0F-12E5-406A-B90B-EB79029958B1}.Release|Any CPU.ActiveCfg = Release|Any CPU
		{DE009A0F-12E5-406A-B90B-EB79029958B1}.Release|Any CPU.Build.0 = Release|Any CPU
		{D7D01CC7-2782-46D9-81A0-1C7B15359B98}.Debug|Any CPU.ActiveCfg = Debug|Any CPU
		{D7D01CC7-2782-46D9-81A0-1C7B15359B98}.Debug|Any CPU.Build.0 = Debug|Any CPU
		{D7D01CC7-2782-46D9-81A0-1C7B15359B98}.Release|Any CPU.ActiveCfg = Release|Any CPU
		{D7D01CC7-2782-46D9-81A0-1C7B15359B98}.Release|Any CPU.Build.0 = Release|Any CPU
		{2B833777-DF7B-46B6-AF7A-310E2125B1D8}.Debug|Any CPU.ActiveCfg = Debug|Any CPU
		{2B833777-DF7B-46B6-AF7A-310E2125B1D8}.Debug|Any CPU.Build.0 = Debug|Any CPU
		{2B833777-DF7B-46B6-AF7A-310E2125B1D8}.Release|Any CPU.ActiveCfg = Release|Any CPU
		{2B833777-DF7B-46B6-AF7A-310E2125B1D8}.Release|Any CPU.Build.0 = Release|Any CPU
		{F7E2C9B2-D622-4C34-8D49-0DB6C2B0B518}.Debug|Any CPU.ActiveCfg = Debug|Any CPU
		{F7E2C9B2-D622-4C34-8D49-0DB6C2B0B518}.Debug|Any CPU.Build.0 = Debug|Any CPU
		{F7E2C9B2-D622-4C34-8D49-0DB6C2B0B518}.Release|Any CPU.ActiveCfg = Release|Any CPU
		{F7E2C9B2-D622-4C34-8D49-0DB6C2B0B518}.Release|Any CPU.Build.0 = Release|Any CPU
		{66AF13AC-E139-4870-A7B8-BC8EEDB5D048}.Debug|Any CPU.ActiveCfg = Debug|Any CPU
		{66AF13AC-E139-4870-A7B8-BC8EEDB5D048}.Debug|Any CPU.Build.0 = Debug|Any CPU
		{66AF13AC-E139-4870-A7B8-BC8EEDB5D048}.Release|Any CPU.ActiveCfg = Release|Any CPU
		{66AF13AC-E139-4870-A7B8-BC8EEDB5D048}.Release|Any CPU.Build.0 = Release|Any CPU
		{97870AC0-0A7C-4CE2-B6AE-8CDCF7FD93C1}.Debug|Any CPU.ActiveCfg = Debug|Any CPU
		{97870AC0-0A7C-4CE2-B6AE-8CDCF7FD93C1}.Debug|Any CPU.Build.0 = Debug|Any CPU
		{97870AC0-0A7C-4CE2-B6AE-8CDCF7FD93C1}.Release|Any CPU.ActiveCfg = Release|Any CPU
		{97870AC0-0A7C-4CE2-B6AE-8CDCF7FD93C1}.Release|Any CPU.Build.0 = Release|Any CPU
		{35CB4678-E502-4654-A928-301077F16AFB}.Debug|Any CPU.ActiveCfg = Debug|Any CPU
		{35CB4678-E502-4654-A928-301077F16AFB}.Debug|Any CPU.Build.0 = Debug|Any CPU
		{35CB4678-E502-4654-A928-301077F16AFB}.Release|Any CPU.ActiveCfg = Release|Any CPU
		{35CB4678-E502-4654-A928-301077F16AFB}.Release|Any CPU.Build.0 = Release|Any CPU
	EndGlobalSection
	GlobalSection(SolutionProperties) = preSolution
		HideSolutionNode = FALSE
	EndGlobalSection
	GlobalSection(NestedProjects) = preSolution
		{7C58D26A-5E86-4F23-BAFA-90A73B4C5260} = {4FA84266-8456-45A0-B428-1D343BF7A8E2}
		{E9D72E0E-FCC7-4874-86DB-C75670E03293} = {88A75BD2-D9F9-4010-8B93-6D2BE4C253F9}
		{9CEDB340-EFBE-4B72-90B5-C5C3B5099010} = {88A75BD2-D9F9-4010-8B93-6D2BE4C253F9}
		{375F52BA-F88F-4BEA-8176-286B142ECB56} = {8F5F7414-ECCE-4C87-A4CC-7DE73844606D}
		{AB797E47-EC16-49E6-9602-39B44E09B194} = {B5EBDA45-680D-472C-933C-610F11470D8C}
		{2C85236D-B426-45DB-8A81-C3721349E38A} = {9B72BCC2-49F0-4947-9B95-FB4BC9CDB840}
		{81CC6EA0-3E2C-4581-BB86-BA4E0F835A03} = {4B8ACE83-35EF-4DA4-852E-CBE091BD1187}
		{75954599-EC89-4A4C-8D1E-6A6201171E18} = {4B8ACE83-35EF-4DA4-852E-CBE091BD1187}
		{18AB76C0-78FD-4F4C-8059-7F4FFDBF35C3} = {4B8ACE83-35EF-4DA4-852E-CBE091BD1187}
		{6F9A0392-61F2-4B34-88FE-611241735A2B} = {49D564CA-4B42-4A16-9C47-A543FDC8F039}
		{D94B3D6C-F5CA-4174-ABC7-F0AF42B9B616} = {49D564CA-4B42-4A16-9C47-A543FDC8F039}
		{7EE530D7-771D-4006-99E8-E0FD7AB4288D} = {3C253E1E-8EC9-4B58-BB01-13C3AEFB39D8}
		{21889828-40BB-4AAE-B0BB-8C71A9C99DEA} = {3C253E1E-8EC9-4B58-BB01-13C3AEFB39D8}
		{94EC57D6-E1DC-41C7-84B6-677BFCBE0A86} = {3C253E1E-8EC9-4B58-BB01-13C3AEFB39D8}
		{62486E80-8093-4CB8-BD8E-6BB18DDE0FEF} = {3C253E1E-8EC9-4B58-BB01-13C3AEFB39D8}
		{CFEE7964-8CBD-4A45-85B2-239FD52C556D} = {0D161911-E810-4358-8809-C04208E0075C}
		{D359E09E-A447-4F9D-9340-2DFE518CAF9F} = {0D161911-E810-4358-8809-C04208E0075C}
		{241E62E8-038A-483C-A54D-2F4EA9A0C575} = {B85E5AE2-8DA7-454B-82C0-2BD8B26C7DFF}
		{407CDA87-227C-4FB1-901F-BA752C6729BE} = {241E62E8-038A-483C-A54D-2F4EA9A0C575}
		{CE41FE5E-3C55-418E-9AD8-0CB379EBFF65} = {241E62E8-038A-483C-A54D-2F4EA9A0C575}
		{E18901C3-08DB-4480-8162-5FEF6107A61F} = {B85E5AE2-8DA7-454B-82C0-2BD8B26C7DFF}
		{838F420E-30B3-4C77-A66B-1E6559612D9A} = {B85E5AE2-8DA7-454B-82C0-2BD8B26C7DFF}
		{FBDA3CA9-D2DF-493A-B392-917D1C7327E3} = {B85E5AE2-8DA7-454B-82C0-2BD8B26C7DFF}
		{33307236-46B1-41C6-A2B1-BE8A2BC12CCF} = {B85E5AE2-8DA7-454B-82C0-2BD8B26C7DFF}
		{031521FD-FB6B-40ED-8838-6B2E7531964C} = {B85E5AE2-8DA7-454B-82C0-2BD8B26C7DFF}
		{DE009A0F-12E5-406A-B90B-EB79029958B1} = {6CC340D4-8230-4793-89ED-A623ABB56696}
		{D7D01CC7-2782-46D9-81A0-1C7B15359B98} = {411D3B93-70DD-44AE-8B1A-64FEC1458FFA}
		{2B833777-DF7B-46B6-AF7A-310E2125B1D8} = {69054591-4F7F-4CAE-9920-292E4C558CE8}
		{F7E2C9B2-D622-4C34-8D49-0DB6C2B0B518} = {4BD55762-B829-4A14-8D1A-F14959386D84}
		{D981F43F-0535-4890-B485-ECB530219B1E} = {4BD55762-B829-4A14-8D1A-F14959386D84}
		{66AF13AC-E139-4870-A7B8-BC8EEDB5D048} = {D981F43F-0535-4890-B485-ECB530219B1E}
		{97870AC0-0A7C-4CE2-B6AE-8CDCF7FD93C1} = {D981F43F-0535-4890-B485-ECB530219B1E}
		{35CB4678-E502-4654-A928-301077F16AFB} = {D981F43F-0535-4890-B485-ECB530219B1E}
	EndGlobalSection
	GlobalSection(ExtensibilityGlobals) = postSolution
		SolutionGuid = {2296135B-314B-4CDB-BA96-A1859A8C1790}
	EndGlobalSection
EndGlobal
