
Microsoft Visual Studio Solution File, Format Version 12.00
# Visual Studio Version 17
VisualStudioVersion = 17.0.31919.166
MinimumVisualStudioVersion = 10.0.40219.1
Project("{2150E333-8FDC-42A3-9474-1A3956D46DE8}") = "Modul001", "Modul001", "{4FA84266-8456-45A0-B428-1D343BF7A8E2}"
EndProject
Project("{9A19103F-16F7-4668-BE54-9A1E7A4F7556}") = "MyFirstConsolenApp", "MyFirstConsolenApp\MyFirstConsolenApp.csproj", "{7C58D26A-5E86-4F23-BAFA-90A73B4C5260}"
EndProject
Project("{2150E333-8FDC-42A3-9474-1A3956D46DE8}") = "Modul002 Datentypen", "Modul002 Datentypen", "{88A75BD2-D9F9-4010-8B93-6D2BE4C253F9}"
EndProject
Project("{9A19103F-16F7-4668-BE54-9A1E7A4F7556}") = "VariablesDatatypesSample", "VariablesDatatypesSample\VariablesDatatypesSample.csproj", "{E9D72E0E-FCC7-4874-86DB-C75670E03293}"
EndProject
Project("{9A19103F-16F7-4668-BE54-9A1E7A4F7556}") = "Modul002_LAB", "Modul002_LAB\Modul002_LAB.csproj", "{9CEDB340-EFBE-4B72-90B5-C5C3B5099010}"
EndProject
Project("{2150E333-8FDC-42A3-9474-1A3956D46DE8}") = "Modul003_Arrays and Conditions", "Modul003_Arrays and Conditions", "{8F5F7414-ECCE-4C87-A4CC-7DE73844606D}"
EndProject
Project("{9A19103F-16F7-4668-BE54-9A1E7A4F7556}") = "Modul003_Arrays", "Modul003_Arrays_IfStatement\Modul003_Arrays.csproj", "{375F52BA-F88F-4BEA-8176-286B142ECB56}"
EndProject
Global
	GlobalSection(SolutionConfigurationPlatforms) = preSolution
		Debug|Any CPU = Debug|Any CPU
		Release|Any CPU = Release|Any CPU
	EndGlobalSection
	GlobalSection(ProjectConfigurationPlatforms) = postSolution
		{7C58D26A-5E86-4F23-BAFA-90A73B4C5260}.Debug|Any CPU.ActiveCfg = Debug|Any CPU
		{7C58D26A-5E86-4F23-BAFA-90A73B4C5260}.Debug|Any CPU.Build.0 = Debug|Any CPU
		{7C58D26A-5E86-4F23-BAFA-90A73B4C5260}.Release|Any CPU.ActiveCfg = Release|Any CPU
		{7C58D26A-5E86-4F23-BAFA-90A73B4C5260}.Release|Any CPU.Build.0 = Release|Any CPU
		{E9D72E0E-FCC7-4874-86DB-C75670E03293}.Debug|Any CPU.ActiveCfg = Debug|Any CPU
		{E9D72E0E-FCC7-4874-86DB-C75670E03293}.Debug|Any CPU.Build.0 = Debug|Any CPU
		{E9D72E0E-FCC7-4874-86DB-C75670E03293}.Release|Any CPU.ActiveCfg = Release|Any CPU
		{E9D72E0E-FCC7-4874-86DB-C75670E03293}.Release|Any CPU.Build.0 = Release|Any CPU
		{9CEDB340-EFBE-4B72-90B5-C5C3B5099010}.Debug|Any CPU.ActiveCfg = Debug|Any CPU
		{9CEDB340-EFBE-4B72-90B5-C5C3B5099010}.Debug|Any CPU.Build.0 = Debug|Any CPU
		{9CEDB340-EFBE-4B72-90B5-C5C3B5099010}.Release|Any CPU.ActiveCfg = Release|Any CPU
		{9CEDB340-EFBE-4B72-90B5-C5C3B5099010}.Release|Any CPU.Build.0 = Release|Any CPU
		{375F52BA-F88F-4BEA-8176-286B142ECB56}.Debug|Any CPU.ActiveCfg = Debug|Any CPU
		{375F52BA-F88F-4BEA-8176-286B142ECB56}.Debug|Any CPU.Build.0 = Debug|Any CPU
		{375F52BA-F88F-4BEA-8176-286B142ECB56}.Release|Any CPU.ActiveCfg = Release|Any CPU
		{375F52BA-F88F-4BEA-8176-286B142ECB56}.Release|Any CPU.Build.0 = Release|Any CPU
	EndGlobalSection
	GlobalSection(SolutionProperties) = preSolution
		HideSolutionNode = FALSE
	EndGlobalSection
	GlobalSection(NestedProjects) = preSolution
		{7C58D26A-5E86-4F23-BAFA-90A73B4C5260} = {4FA84266-8456-45A0-B428-1D343BF7A8E2}
		{E9D72E0E-FCC7-4874-86DB-C75670E03293} = {88A75BD2-D9F9-4010-8B93-6D2BE4C253F9}
		{9CEDB340-EFBE-4B72-90B5-C5C3B5099010} = {88A75BD2-D9F9-4010-8B93-6D2BE4C253F9}
		{375F52BA-F88F-4BEA-8176-286B142ECB56} = {8F5F7414-ECCE-4C87-A4CC-7DE73844606D}
	EndGlobalSection
	GlobalSection(ExtensibilityGlobals) = postSolution
		SolutionGuid = {2296135B-314B-4CDB-BA96-A1859A8C1790}
	EndGlobalSection
EndGlobal
